Microsoft Visual Studio Solution File, Format Version 12.00
# Visual Studio Version 17
VisualStudioVersion = 17.5.2.0
MinimumVisualStudioVersion = 10.0.40219.1
Project("{FAE04EC0-301F-11D3-BF4B-00C04F79EFBC}") = "Carp", "Carp.csproj", "{B4E031F2-6B28-A86A-3EDE-D02CC06D6F99}"
EndProject
Global
	GlobalSection(SolutionConfigurationPlatforms) = preSolution
		Debug|Any CPU = Debug|Any CPU
		Release|Any CPU = Release|Any CPU
	EndGlobalSection
	GlobalSection(ProjectConfigurationPlatforms) = postSolution
		{B4E031F2-6B28-A86A-3EDE-D02CC06D6F99}.Debug|Any CPU.ActiveCfg = Debug|Any CPU
		{B4E031F2-6B28-A86A-3EDE-D02CC06D6F99}.Debug|Any CPU.Build.0 = Debug|Any CPU
		{B4E031F2-6B28-A86A-3EDE-D02CC06D6F99}.Release|Any CPU.ActiveCfg = Release|Any CPU
		{B4E031F2-6B28-A86A-3EDE-D02CC06D6F99}.Release|Any CPU.Build.0 = Release|Any CPU
	EndGlobalSection
	GlobalSection(SolutionProperties) = preSolution
		HideSolutionNode = FALSE
	EndGlobalSection
	GlobalSection(ExtensibilityGlobals) = postSolution
		SolutionGuid = {D3A4AEF6-51C3-4F8D-BBB4-D7C0A1546CC8}
	EndGlobalSection
EndGlobal
